
Microsoft Visual Studio Solution File, Format Version 12.00
# Visual Studio 15
VisualStudioVersion = 15.0.27130.0
MinimumVisualStudioVersion = 10.0.40219.1
Project("{FAE04EC0-301F-11D3-BF4B-00C04F79EFBC}") = "BTCMarketsBot", "BTCMarketsBot\BTCMarketsBot.csproj", "{06940B1C-91FA-4111-9DA8-393066FB381F}"
EndProject
Project("{FAE04EC0-301F-11D3-BF4B-00C04F79EFBC}") = "ShareX.HelpersLib", "..\ShareX\ShareX.HelpersLib\ShareX.HelpersLib.csproj", "{327750E1-9FB7-4CC3-8AEA-9BC42180CAD3}"
EndProject
Project("{FAE04EC0-301F-11D3-BF4B-00C04F79EFBC}") = "BTCmBotConsole", "BTCmBotConsole\BTCmBotConsole.csproj", "{4A6B3A20-C86D-406F-8327-3CAB10C063F3}"
EndProject
Project("{FAE04EC0-301F-11D3-BF4B-00C04F79EFBC}") = "BTCMarketLib", "BTCMarketLib\BTCMarketLib.csproj", "{07BACB13-B1B0-4097-85B5-7FACFE249966}"
EndProject
Global
	GlobalSection(SolutionConfigurationPlatforms) = preSolution
		Debug|Any CPU = Debug|Any CPU
		Release|Any CPU = Release|Any CPU
		Steam|Any CPU = Steam|Any CPU
		WindowsStore|Any CPU = WindowsStore|Any CPU
		WindowsStoreDebug|Any CPU = WindowsStoreDebug|Any CPU
	EndGlobalSection
	GlobalSection(ProjectConfigurationPlatforms) = postSolution
		{06940B1C-91FA-4111-9DA8-393066FB381F}.Debug|Any CPU.ActiveCfg = Debug|Any CPU
		{06940B1C-91FA-4111-9DA8-393066FB381F}.Debug|Any CPU.Build.0 = Debug|Any CPU
		{06940B1C-91FA-4111-9DA8-393066FB381F}.Release|Any CPU.ActiveCfg = Release|Any CPU
		{06940B1C-91FA-4111-9DA8-393066FB381F}.Release|Any CPU.Build.0 = Release|Any CPU
		{06940B1C-91FA-4111-9DA8-393066FB381F}.Steam|Any CPU.ActiveCfg = Release|Any CPU
		{06940B1C-91FA-4111-9DA8-393066FB381F}.Steam|Any CPU.Build.0 = Release|Any CPU
		{06940B1C-91FA-4111-9DA8-393066FB381F}.WindowsStore|Any CPU.ActiveCfg = Release|Any CPU
		{06940B1C-91FA-4111-9DA8-393066FB381F}.WindowsStore|Any CPU.Build.0 = Release|Any CPU
		{06940B1C-91FA-4111-9DA8-393066FB381F}.WindowsStoreDebug|Any CPU.ActiveCfg = Debug|Any CPU
		{06940B1C-91FA-4111-9DA8-393066FB381F}.WindowsStoreDebug|Any CPU.Build.0 = Debug|Any CPU
		{327750E1-9FB7-4CC3-8AEA-9BC42180CAD3}.Debug|Any CPU.ActiveCfg = Debug|Any CPU
		{327750E1-9FB7-4CC3-8AEA-9BC42180CAD3}.Debug|Any CPU.Build.0 = Debug|Any CPU
		{327750E1-9FB7-4CC3-8AEA-9BC42180CAD3}.Release|Any CPU.ActiveCfg = Release|Any CPU
		{327750E1-9FB7-4CC3-8AEA-9BC42180CAD3}.Release|Any CPU.Build.0 = Release|Any CPU
		{327750E1-9FB7-4CC3-8AEA-9BC42180CAD3}.Steam|Any CPU.ActiveCfg = Steam|Any CPU
		{327750E1-9FB7-4CC3-8AEA-9BC42180CAD3}.Steam|Any CPU.Build.0 = Steam|Any CPU
		{327750E1-9FB7-4CC3-8AEA-9BC42180CAD3}.WindowsStore|Any CPU.ActiveCfg = WindowsStore|Any CPU
		{327750E1-9FB7-4CC3-8AEA-9BC42180CAD3}.WindowsStore|Any CPU.Build.0 = WindowsStore|Any CPU
		{327750E1-9FB7-4CC3-8AEA-9BC42180CAD3}.WindowsStoreDebug|Any CPU.ActiveCfg = WindowsStoreDebug|Any CPU
		{327750E1-9FB7-4CC3-8AEA-9BC42180CAD3}.WindowsStoreDebug|Any CPU.Build.0 = WindowsStoreDebug|Any CPU
		{4A6B3A20-C86D-406F-8327-3CAB10C063F3}.Debug|Any CPU.ActiveCfg = Debug|Any CPU
		{4A6B3A20-C86D-406F-8327-3CAB10C063F3}.Debug|Any CPU.Build.0 = Debug|Any CPU
		{4A6B3A20-C86D-406F-8327-3CAB10C063F3}.Release|Any CPU.ActiveCfg = Release|Any CPU
		{4A6B3A20-C86D-406F-8327-3CAB10C063F3}.Release|Any CPU.Build.0 = Release|Any CPU
		{4A6B3A20-C86D-406F-8327-3CAB10C063F3}.Steam|Any CPU.ActiveCfg = Release|Any CPU
		{4A6B3A20-C86D-406F-8327-3CAB10C063F3}.Steam|Any CPU.Build.0 = Release|Any CPU
		{4A6B3A20-C86D-406F-8327-3CAB10C063F3}.WindowsStore|Any CPU.ActiveCfg = Release|Any CPU
		{4A6B3A20-C86D-406F-8327-3CAB10C063F3}.WindowsStore|Any CPU.Build.0 = Release|Any CPU
		{4A6B3A20-C86D-406F-8327-3CAB10C063F3}.WindowsStoreDebug|Any CPU.ActiveCfg = Debug|Any CPU
		{4A6B3A20-C86D-406F-8327-3CAB10C063F3}.WindowsStoreDebug|Any CPU.Build.0 = Debug|Any CPU
		{07BACB13-B1B0-4097-85B5-7FACFE249966}.Debug|Any CPU.ActiveCfg = Debug|Any CPU
		{07BACB13-B1B0-4097-85B5-7FACFE249966}.Debug|Any CPU.Build.0 = Debug|Any CPU
		{07BACB13-B1B0-4097-85B5-7FACFE249966}.Release|Any CPU.ActiveCfg = Release|Any CPU
		{07BACB13-B1B0-4097-85B5-7FACFE249966}.Release|Any CPU.Build.0 = Release|Any CPU
		{07BACB13-B1B0-4097-85B5-7FACFE249966}.Steam|Any CPU.ActiveCfg = Release|Any CPU
		{07BACB13-B1B0-4097-85B5-7FACFE249966}.Steam|Any CPU.Build.0 = Release|Any CPU
		{07BACB13-B1B0-4097-85B5-7FACFE249966}.WindowsStore|Any CPU.ActiveCfg = Release|Any CPU
		{07BACB13-B1B0-4097-85B5-7FACFE249966}.WindowsStore|Any CPU.Build.0 = Release|Any CPU
		{07BACB13-B1B0-4097-85B5-7FACFE249966}.WindowsStoreDebug|Any CPU.ActiveCfg = Debug|Any CPU
		{07BACB13-B1B0-4097-85B5-7FACFE249966}.WindowsStoreDebug|Any CPU.Build.0 = Debug|Any CPU
	EndGlobalSection
	GlobalSection(SolutionProperties) = preSolution
		HideSolutionNode = FALSE
	EndGlobalSection
	GlobalSection(ExtensibilityGlobals) = postSolution
		SolutionGuid = {37FB1365-E604-4E8C-95DF-9F3B9A1B085B}
	EndGlobalSection
EndGlobal
